{
    "_meta": {
        "hash": {
            "sha256": "e33bcaab29d6f2bada786e055ca664b43b466ede623a57ab6b74c4bfe4ff837b"
        },
        "pipfile-spec": 6,
        "requires": {
            "python_version": "3.8"
        },
        "sources": [
            {
                "name": "pypi",
                "url": "https://pypi.python.org/simple",
                "verify_ssl": true
            }
        ]
    },
    "default": {
        "nuitka": {
            "hashes": [
                "sha256:acbbe824293412cc414371430aec88eddf7da823095ef0e6abe270be8b6010e8"
            ],
            "index": "pypi",
            "version": "==0.6.12.3"
        },
        "protobuf": {
            "hashes": [
                "sha256:01fbd6e4941322faf7c6796f3878f4bf4b47a096793c257094087c15a1911cff",
                "sha256:128913a812baac25cc103e266f3c4d181a8068ab92e2963a07d4af808d759a67",
                "sha256:1e9728664dd815c5d8897353f2f53412b34de4526d271342d4a36f065c0ff854",
                "sha256:20d42cdab69072cb123480d1cd7483ba0268ab31539f889e2464a10456808500",
                "sha256:2311afdcf3f227d157f9fff05333184f6498de6893f0d0774d8ff5e1aa6844b3",
                "sha256:3df7eb48fbe9cc80aaca24fce00df9d26e82787e1ed2b2ad764fe007df7cd135",
                "sha256:436686d08278239c574c8dbef8846134a3ad1357c15e20d3f3b7c2d4e047d146",
                "sha256:476999c3ac127d43e1c7ae108b3a060516e972bd41da6512b83d2bced8806cdc",
                "sha256:57d723a86209f0747def4196af197728842d8d0fa3d2d4166f44bfc4661c3d17",
                "sha256:5e812acefa4a0beba1cc2a120b3394709d43ebd19371f55f9a6e817da05b2cae",
                "sha256:64efb367cea64ba183f7c81ad1de1e52b5aba68dbec67927eb5a9253a3bc87f2",
                "sha256:659666a9e5aa141b5009b2e5a28c9fc6a0cc65ff66f8e8552104de54168badf1",
                "sha256:7a58c72722cbf12451b2f52c60eaf4827ac46afc64c6807b3d794d80c314763d",
                "sha256:aed9db65b3a5df46911014a5347016ee4c3b71606a49419bdd8d3fe8a6728bab",
                "sha256:b3b821907dffe0c53a27f444cbefe7fd1c830230d5c1662717565e0f0e11aa33",
                "sha256:c8cd5aea2f088eb031efe78e847ebf3b24caa3815ec088fa6e11474a1a1b8cb1",
                "sha256:c9c4e15d4ca60c3283b62521a52a173f56aeec8771c18e15bd375af672aec3c7",
                "sha256:d55a518ee1eeb09da5e94bdbf592b156246a479c17c06290732ddf6daafc51de",
                "sha256:dff4531a6e24b5642fe08518dc90f42a2fdc310c49bde98c78cdcc3790b9b505",
                "sha256:f395501ce7d94e96cd98afc2daf845f31c49bdfc40fb258abcd8971461eb80a1"
            ],
            "index": "pypi",
            "version": "==3.15.2"
        },
        "six": {
            "hashes": [
                "sha256:30639c035cdb23534cd4aa2dd52c3bf48f06e5f4a941509c8bafd8ce11080259",
                "sha256:8b74bedcbbbaca38ff6d7491d76f2b06b3592611af620f8426e82dddb04a5ced"
            ],
            "markers": "python_version >= '2.7' and python_version not in '3.0, 3.1, 3.2, 3.3'",
            "version": "==1.15.0"
        }
    },
    "develop": {}
}
